
Microsoft Visual Studio Solution File, Format Version 12.00
# Visual Studio Version 17
VisualStudioVersion = 17.10.35122.118
MinimumVisualStudioVersion = 10.0.40219.1
Project("{FAE04EC0-301F-11D3-BF4B-00C04F79EFBC}") = "YouTube.Plumbing", "YouTube.Plumbing\YouTube.Plumbing.csproj", "{1607C3BE-46B1-4698-9473-D3F06F51258A}"
EndProject
Project("{FAE04EC0-301F-11D3-BF4B-00C04F79EFBC}") = "CoreLayer", "CoreLayer\CoreLayer.csproj", "{CD46AC0C-4594-4892-95CC-F1BEEDA3A07D}"
EndProject
Project("{FAE04EC0-301F-11D3-BF4B-00C04F79EFBC}") = "EntityLayer", "EntityLayer\EntityLayer.csproj", "{F414AD4D-90A9-4CA4-BF19-884CC9F51710}"
EndProject
Project("{FAE04EC0-301F-11D3-BF4B-00C04F79EFBC}") = "RepositoryLayer", "RepositoryLayer\RepositoryLayer.csproj", "{AB4F830B-E9D8-4CD9-8E9D-1729CC50C1B8}"
EndProject
Project("{FAE04EC0-301F-11D3-BF4B-00C04F79EFBC}") = "ServiceLayer", "ServiceLayer\ServiceLayer.csproj", "{40F11084-3B30-4D40-9DCC-01597118A9BB}"
EndProject
Global
	GlobalSection(SolutionConfigurationPlatforms) = preSolution
		Debug|Any CPU = Debug|Any CPU
		Release|Any CPU = Release|Any CPU
	EndGlobalSection
	GlobalSection(ProjectConfigurationPlatforms) = postSolution
		{1607C3BE-46B1-4698-9473-D3F06F51258A}.Debug|Any CPU.ActiveCfg = Debug|Any CPU
		{1607C3BE-46B1-4698-9473-D3F06F51258A}.Debug|Any CPU.Build.0 = Debug|Any CPU
		{1607C3BE-46B1-4698-9473-D3F06F51258A}.Release|Any CPU.ActiveCfg = Release|Any CPU
		{1607C3BE-46B1-4698-9473-D3F06F51258A}.Release|Any CPU.Build.0 = Release|Any CPU
		{CD46AC0C-4594-4892-95CC-F1BEEDA3A07D}.Debug|Any CPU.ActiveCfg = Debug|Any CPU
		{CD46AC0C-4594-4892-95CC-F1BEEDA3A07D}.Debug|Any CPU.Build.0 = Debug|Any CPU
		{CD46AC0C-4594-4892-95CC-F1BEEDA3A07D}.Release|Any CPU.ActiveCfg = Release|Any CPU
		{CD46AC0C-4594-4892-95CC-F1BEEDA3A07D}.Release|Any CPU.Build.0 = Release|Any CPU
		{F414AD4D-90A9-4CA4-BF19-884CC9F51710}.Debug|Any CPU.ActiveCfg = Debug|Any CPU
		{F414AD4D-90A9-4CA4-BF19-884CC9F51710}.Debug|Any CPU.Build.0 = Debug|Any CPU
		{F414AD4D-90A9-4CA4-BF19-884CC9F51710}.Release|Any CPU.ActiveCfg = Release|Any CPU
		{F414AD4D-90A9-4CA4-BF19-884CC9F51710}.Release|Any CPU.Build.0 = Release|Any CPU
		{AB4F830B-E9D8-4CD9-8E9D-1729CC50C1B8}.Debug|Any CPU.ActiveCfg = Debug|Any CPU
		{AB4F830B-E9D8-4CD9-8E9D-1729CC50C1B8}.Debug|Any CPU.Build.0 = Debug|Any CPU
		{AB4F830B-E9D8-4CD9-8E9D-1729CC50C1B8}.Release|Any CPU.ActiveCfg = Release|Any CPU
		{AB4F830B-E9D8-4CD9-8E9D-1729CC50C1B8}.Release|Any CPU.Build.0 = Release|Any CPU
		{40F11084-3B30-4D40-9DCC-01597118A9BB}.Debug|Any CPU.ActiveCfg = Debug|Any CPU
		{40F11084-3B30-4D40-9DCC-01597118A9BB}.Debug|Any CPU.Build.0 = Debug|Any CPU
		{40F11084-3B30-4D40-9DCC-01597118A9BB}.Release|Any CPU.ActiveCfg = Release|Any CPU
		{40F11084-3B30-4D40-9DCC-01597118A9BB}.Release|Any CPU.Build.0 = Release|Any CPU
	EndGlobalSection
	GlobalSection(SolutionProperties) = preSolution
		HideSolutionNode = FALSE
	EndGlobalSection
	GlobalSection(ExtensibilityGlobals) = postSolution
		SolutionGuid = {F3ACF1E4-DA6A-4CEE-AF9A-C3A21AFB9B64}
	EndGlobalSection
EndGlobal
